<?xml version="1.0" encoding="utf-8"?>
<Project ToolsVersion="4.0" xmlns="http://schemas.microsoft.com/developer/msbuild/2003">
  <ItemGroup>
    <Filter Include="tools">
      <UniqueIdentifier>{e4d471d4-72c6-4d31-b5aa-f1e2bdbe6a7d}</UniqueIdentifier>
    </Filter>
    <Filter Include="string">
      <UniqueIdentifier>{bc53d573-603b-4bae-a30d-a955d812ecc6}</UniqueIdentifier>
    </Filter>
    <Filter Include="log">
      <UniqueIdentifier>{b0aa2a51-94d1-4fd6-a6dd-cb4baa23e38d}</UniqueIdentifier>
    </Filter>
    <Filter Include="security">
      <UniqueIdentifier>{1a392521-99de-42a9-a45e-d25fa398d906}</UniqueIdentifier>
    </Filter>
    <Filter Include="thrift_ex">
      <UniqueIdentifier>{c0f3ead7-013b-487c-a180-c2371dd1062f}</UniqueIdentifier>
    </Filter>
  </ItemGroup>
  <ItemGroup>
    <ClCompile Include="..\src\common\iegad_string.cpp">
      <Filter>string</Filter>
    </ClCompile>
    <ClCompile Include="..\src\common\iegad_md5.cpp">
      <Filter>security</Filter>
    </ClCompile>
    <ClCompile Include="thrift_ex.hpp">
      <Filter>thrift_ex</Filter>
    </ClCompile>
  </ItemGroup>
  <ItemGroup>
    <ClInclude Include="..\src\common\job_worker.hpp">
      <Filter>tools</Filter>
    </ClInclude>
    <ClInclude Include="..\src\common\job_queue.hpp">
      <Filter>tools</Filter>
    </ClInclude>
    <ClInclude Include="..\src\common\iegad_md5.h">
      <Filter>security</Filter>
    </ClInclude>
    <ClInclude Include="..\src\common\iegad_singleton.hpp">
      <Filter>tools</Filter>
    </ClInclude>
    <ClInclude Include="..\src\common\iegad_map.hpp">
      <Filter>tools</Filter>
    </ClInclude>
    <ClInclude Include="..\src\common\iegad_timer.hpp">
      <Filter>tools</Filter>
    </ClInclude>
    <ClInclude Include="..\src\common\iegad_compress.hpp">
      <Filter>tools</Filter>
    </ClInclude>
    <ClInclude Include="..\src\common\iegad_common.in.h" />
    <ClInclude Include="..\src\iegad_common.h" />
    <ClInclude Include="..\src\common\iegad_log.hpp">
      <Filter>log</Filter>
    </ClInclude>
    <ClInclude Include="..\src\common\iegad_string.hpp">
      <Filter>string</Filter>
    </ClInclude>
  </ItemGroup>
</Project>