<?xml version="1.0" encoding="utf-8"?>
<Project ToolsVersion="4.0" xmlns="http://schemas.microsoft.com/developer/msbuild/2003">
  <ItemGroup>
    <ClInclude Include="string_test.hpp" />
    <ClInclude Include="job_test.hpp" />
    <ClInclude Include="log_test.hpp" />
    <ClInclude Include="singleton_test.hpp" />
    <ClInclude Include="timer_test.hpp" />
    <ClInclude Include="safe_map_test.hpp" />
    <ClInclude Include="pugixml_test.hpp" />
  </ItemGroup>
  <ItemGroup>
    <ClCompile Include="test_common_main.cpp" />
  </ItemGroup>
</Project>