<?xml version="1.0" encoding="utf-8"?>
<Project ToolsVersion="4.0" xmlns="http://schemas.microsoft.com/developer/msbuild/2003">
  <ItemGroup>
    <Filter Include="tools">
      <UniqueIdentifier>{e4d471d4-72c6-4d31-b5aa-f1e2bdbe6a7d}</UniqueIdentifier>
    </Filter>
    <Filter Include="string">
      <UniqueIdentifier>{bc53d573-603b-4bae-a30d-a955d812ecc6}</UniqueIdentifier>
    </Filter>
    <Filter Include="security">
      <UniqueIdentifier>{1a392521-99de-42a9-a45e-d25fa398d906}</UniqueIdentifier>
    </Filter>
    <Filter Include="thrift_ex">
      <UniqueIdentifier>{c0f3ead7-013b-487c-a180-c2371dd1062f}</UniqueIdentifier>
    </Filter>
    <Filter Include="cms_ex">
      <UniqueIdentifier>{d205ca71-edea-47cd-add4-2628e177035a}</UniqueIdentifier>
    </Filter>
    <Filter Include="thrift_ex\gen-cpp">
      <UniqueIdentifier>{acceaf7b-9b8c-4012-86db-a243c8becc6f}</UniqueIdentifier>
    </Filter>
  </ItemGroup>
  <ItemGroup>
    <ClCompile Include="..\src\cms_ex\amq_baser.cpp">
      <Filter>cms_ex</Filter>
    </ClCompile>
    <ClCompile Include="..\src\cms_ex\amq_consumer.cpp">
      <Filter>cms_ex</Filter>
    </ClCompile>
    <ClCompile Include="..\src\cms_ex\amq_producer.cpp">
      <Filter>cms_ex</Filter>
    </ClCompile>
    <ClCompile Include="..\src\cms_ex\amq_publisher.cpp">
      <Filter>cms_ex</Filter>
    </ClCompile>
    <ClCompile Include="..\src\cms_ex\amq_subscriber.cpp">
      <Filter>cms_ex</Filter>
    </ClCompile>
    <ClCompile Include="..\src\sercurity\iegad_md5.cpp">
      <Filter>security</Filter>
    </ClCompile>
    <ClCompile Include="..\src\string\iegad_string.cpp">
      <Filter>string</Filter>
    </ClCompile>
    <ClCompile Include="..\src\thrift_ex\Astroboy.svr.cpp">
      <Filter>thrift_ex</Filter>
    </ClCompile>
    <ClCompile Include="..\src\thrift_ex\thrift_IElefunImp.cpp">
      <Filter>thrift_ex</Filter>
    </ClCompile>
    <ClCompile Include="..\src\thrift_ex\gen-cpp\Astroboy.cpp">
      <Filter>thrift_ex\gen-cpp</Filter>
    </ClCompile>
    <ClCompile Include="..\src\thrift_ex\gen-cpp\Astroboy_constants.cpp">
      <Filter>thrift_ex\gen-cpp</Filter>
    </ClCompile>
    <ClCompile Include="..\src\thrift_ex\gen-cpp\Astroboy_types.cpp">
      <Filter>thrift_ex\gen-cpp</Filter>
    </ClCompile>
  </ItemGroup>
  <ItemGroup>
    <ClInclude Include="..\src\cms_ex\amq_baser.h">
      <Filter>cms_ex</Filter>
    </ClInclude>
    <ClInclude Include="..\src\cms_ex\amq_consumer.h">
      <Filter>cms_ex</Filter>
    </ClInclude>
    <ClInclude Include="..\src\cms_ex\amq_iworker.hpp">
      <Filter>cms_ex</Filter>
    </ClInclude>
    <ClInclude Include="..\src\cms_ex\amq_producer.h">
      <Filter>cms_ex</Filter>
    </ClInclude>
    <ClInclude Include="..\src\cms_ex\amq_publisher.h">
      <Filter>cms_ex</Filter>
    </ClInclude>
    <ClInclude Include="..\src\cms_ex\amq_subscriber.h">
      <Filter>cms_ex</Filter>
    </ClInclude>
    <ClInclude Include="..\src\sercurity\iegad_md5.h">
      <Filter>security</Filter>
    </ClInclude>
    <ClInclude Include="..\src\string\iegad_string.h">
      <Filter>string</Filter>
    </ClInclude>
    <ClInclude Include="..\src\thrift_ex\Astroboy.svr.hpp">
      <Filter>thrift_ex</Filter>
    </ClInclude>
    <ClInclude Include="..\src\thrift_ex\thrift_clone_factory.hpp">
      <Filter>thrift_ex</Filter>
    </ClInclude>
    <ClInclude Include="..\src\thrift_ex\thrift_IElefunImp.h">
      <Filter>thrift_ex</Filter>
    </ClInclude>
    <ClInclude Include="..\src\thrift_ex\thrift_serializer.hpp">
      <Filter>thrift_ex</Filter>
    </ClInclude>
    <ClInclude Include="..\src\tools\iegad_log.hpp">
      <Filter>tools</Filter>
    </ClInclude>
    <ClInclude Include="..\src\tools\iegad_map.hpp">
      <Filter>tools</Filter>
    </ClInclude>
    <ClInclude Include="..\src\tools\iegad_singleton.hpp">
      <Filter>tools</Filter>
    </ClInclude>
    <ClInclude Include="..\src\tools\iegad_timer.hpp">
      <Filter>tools</Filter>
    </ClInclude>
    <ClInclude Include="..\src\tools\job_queue.hpp">
      <Filter>tools</Filter>
    </ClInclude>
    <ClInclude Include="..\src\tools\job_worker.hpp">
      <Filter>tools</Filter>
    </ClInclude>
    <ClInclude Include="..\src\iegad_common.h" />
    <ClInclude Include="..\src\iegad_common.in.h" />
    <ClInclude Include="..\src\thrift_ex\gen-cpp\Astroboy.h">
      <Filter>thrift_ex\gen-cpp</Filter>
    </ClInclude>
    <ClInclude Include="..\src\thrift_ex\gen-cpp\Astroboy_constants.h">
      <Filter>thrift_ex\gen-cpp</Filter>
    </ClInclude>
    <ClInclude Include="..\src\thrift_ex\gen-cpp\Astroboy_server.skeleton.hpp">
      <Filter>thrift_ex\gen-cpp</Filter>
    </ClInclude>
    <ClInclude Include="..\src\thrift_ex\gen-cpp\Astroboy_types.h">
      <Filter>thrift_ex\gen-cpp</Filter>
    </ClInclude>
  </ItemGroup>
  <ItemGroup>
    <None Include="..\src\thrift_ex\Astroboy.thrift">
      <Filter>thrift_ex</Filter>
    </None>
  </ItemGroup>
</Project>