<?xml version="1.0" encoding="utf-8"?>
<Project ToolsVersion="4.0" xmlns="http://schemas.microsoft.com/developer/msbuild/2003">
  <ItemGroup>
    <ClCompile Include="amq_test_main.cpp" />
    <ClCompile Include="thrift_test_main.cpp" />
    <ClCompile Include="..\..\src\thrift_ex\gen-cpp\echo_constants.cpp" />
    <ClCompile Include="..\..\src\thrift_ex\gen-cpp\echo_types.cpp" />
    <ClCompile Include="..\..\src\thrift_ex\gen-cpp\EchoServer.cpp" />
    <ClCompile Include="..\..\src\thrift_ex\gen-cpp\EchoServer_server.skeleton.hpp" />
  </ItemGroup>
  <ItemGroup>
    <ClInclude Include="..\..\src\thrift_ex\gen-cpp\echo_constants.h" />
    <ClInclude Include="..\..\src\thrift_ex\gen-cpp\echo_types.h" />
    <ClInclude Include="..\..\src\thrift_ex\gen-cpp\EchoServer.h" />
  </ItemGroup>
</Project>