
Microsoft Visual Studio Solution File, Format Version 12.00
# Visual Studio 2013
VisualStudioVersion = 12.0.40629.0
MinimumVisualStudioVersion = 10.0.40219.1
Project("{8BC9CEB8-8B4A-11D0-8D11-00A0C91BC942}") = "unit_test", "test\unit_test\unit_test.vcxproj", "{8E1004CC-7D73-4705-B2CB-1FC4A44AE209}"
EndProject
Project("{8BC9CEB8-8B4A-11D0-8D11-00A0C91BC942}") = "libiegad", "libiegad_vs\libiegad_common.vcxproj", "{25F1C83F-737F-4A59-B1A0-4CC3B6C976BB}"
EndProject
Global
	GlobalSection(SolutionConfigurationPlatforms) = preSolution
		Debug|Win32 = Debug|Win32
		Release|Win32 = Release|Win32
	EndGlobalSection
	GlobalSection(ProjectConfigurationPlatforms) = postSolution
		{8E1004CC-7D73-4705-B2CB-1FC4A44AE209}.Debug|Win32.ActiveCfg = Debug|Win32
		{8E1004CC-7D73-4705-B2CB-1FC4A44AE209}.Debug|Win32.Build.0 = Debug|Win32
		{8E1004CC-7D73-4705-B2CB-1FC4A44AE209}.Release|Win32.ActiveCfg = Release|Win32
		{8E1004CC-7D73-4705-B2CB-1FC4A44AE209}.Release|Win32.Build.0 = Release|Win32
		{25F1C83F-737F-4A59-B1A0-4CC3B6C976BB}.Debug|Win32.ActiveCfg = Debug|Win32
		{25F1C83F-737F-4A59-B1A0-4CC3B6C976BB}.Debug|Win32.Build.0 = Debug|Win32
		{25F1C83F-737F-4A59-B1A0-4CC3B6C976BB}.Release|Win32.ActiveCfg = Release|Win32
		{25F1C83F-737F-4A59-B1A0-4CC3B6C976BB}.Release|Win32.Build.0 = Release|Win32
	EndGlobalSection
	GlobalSection(SolutionProperties) = preSolution
		HideSolutionNode = FALSE
	EndGlobalSection
EndGlobal
