<?xml version="1.0" encoding="utf-8"?>
<Project ToolsVersion="4.0" xmlns="http://schemas.microsoft.com/developer/msbuild/2003">
  <ItemGroup>
    <Filter Include="sqlite">
      <UniqueIdentifier>{b04b9a6c-0343-4d43-9ed5-6cc43627d58d}</UniqueIdentifier>
    </Filter>
    <Filter Include="src">
      <UniqueIdentifier>{6cb5d0ac-a2ea-4595-84e3-14204c160f5a}</UniqueIdentifier>
    </Filter>
  </ItemGroup>
  <ItemGroup>
    <ClCompile Include="..\src\sqlite\sqlite3.c">
      <Filter>src</Filter>
    </ClCompile>
    <ClCompile Include="..\src\sqlite\sqlite_helper.cpp">
      <Filter>sqlite</Filter>
    </ClCompile>
  </ItemGroup>
  <ItemGroup>
    <ClInclude Include="..\src\sqlite\sqlite3.h">
      <Filter>src</Filter>
    </ClInclude>
    <ClInclude Include="..\src\sqlite\sqlite3ext.h">
      <Filter>src</Filter>
    </ClInclude>
    <ClInclude Include="..\src\sqlite\sqlite_helper.h">
      <Filter>sqlite</Filter>
    </ClInclude>
  </ItemGroup>
  <ItemGroup>
    <None Include="packages.config" />
  </ItemGroup>
</Project>