<?xml version="1.0" encoding="utf-8"?>
<Project ToolsVersion="4.0" xmlns="http://schemas.microsoft.com/developer/msbuild/2003">
  <ItemGroup>
    <Filter Include="proto">
      <UniqueIdentifier>{6e0d7c2f-e46b-4da5-b9eb-1ee368fc23b1}</UniqueIdentifier>
    </Filter>
    <Filter Include="svc">
      <UniqueIdentifier>{c022a8c1-b659-441a-8677-703c044c3b90}</UniqueIdentifier>
    </Filter>
  </ItemGroup>
  <ItemGroup>
    <ClInclude Include="echo_svc.h">
      <Filter>svc</Filter>
    </ClInclude>
  </ItemGroup>
  <ItemGroup>
    <ClCompile Include="echo_svc.cpp">
      <Filter>svc</Filter>
    </ClCompile>
    <ClCompile Include="TestServerMain.cpp" />
  </ItemGroup>
  <ItemGroup>
    <None Include="proto\echo_msg.proto">
      <Filter>proto</Filter>
    </None>
  </ItemGroup>
</Project>